{
  "name": "integratedeck-companion-host",
  "version": "0.1.0",
  "lockfileVersion": 3,
  "requires": true,
  "packages": {
    "": {
      "name": "integratedeck-companion-host",
      "version": "0.1.0",
      "dependencies": {
        "@companion-surface/host": "^1.3.2"
      },
      "devDependencies": {
        "@types/node": "^22.0.0",
        "typescript": "^5.6.0"
      },
      "optionalDependencies": {
        "@companion-module/host": "^1.0.2"
      }
    },
    "node_modules/@companion-module/base": {
      "version": "2.0.4",
      "resolved": "https://registry.npmjs.org/@companion-module/base/-/base-2.0.4.tgz",
      "integrity": "sha512-OoPd8SexxrZwyE3B9hIpMb5psqIOnD49dsQCyJ8MMrDmNSyvDthmPJKQF2Gn4zmf+0wnnh/OyxVEryJ53P6dQA==",
      "license": "MIT",
      "optional": true,
      "dependencies": {
        "colord": "^2.9.3",
        "tslib": "^2.8.1"
      },
      "engines": {
        "node": "^22.20"
      }
    },
    "node_modules/@companion-module/host": {
      "version": "1.0.3",
      "resolved": "https://registry.npmjs.org/@companion-module/host/-/host-1.0.3.tgz",
      "integrity": "sha512-Mw/RYcuVqifmLzmKXBJlp+VpsCor1FW9FdjeKEZVL+gv0FC8QDQHYU7PJ67F+3tHUFG5jBCPV3yP9Yf6r/fY1w==",
      "license": "MIT",
      "optional": true,
      "dependencies": {
        "@companion-module/base": "~2.0.4",
        "debounce-fn": "^6.0.0",
        "p-queue": "^9.1.0",
        "tslib": "^2.8.1"
      },
      "engines": {
        "node": "^22.20"
      }
    },
    "node_modules/@companion-surface/base": {
      "version": "1.2.1",
      "resolved": "https://registry.npmjs.org/@companion-surface/base/-/base-1.2.1.tgz",
      "integrity": "sha512-ISm0zYc+Ab9cYOdFpWsbab3OWHxGagl8uOXZzGGABSgPne/hXwcr6OrMzhkcxhrKYMsoVgIzwVfxinG7TEnnUg==",
      "license": "MIT",
      "dependencies": {
        "tslib": "^2.8.1"
      },
      "engines": {
        "node": "^22.21"
      }
    },
    "node_modules/@companion-surface/host": {
      "version": "1.3.2",
      "resolved": "https://registry.npmjs.org/@companion-surface/host/-/host-1.3.2.tgz",
      "integrity": "sha512-r7DP/O8kSdcAJZUt/ZnlIyQwNYstjSotu2A7M7LROqsKXMl4JBVch4RK2q2OBA2gpnDUpmBQD1YkNNEqBgMsHA==",
      "license": "MIT",
      "dependencies": {
        "@companion-surface/base": "~1.2.1",
        "fast-deep-equal": "^3.1.3",
        "tslib": "^2.8.1"
      },
      "engines": {
        "node": "^22.21"
      }
    },
    "node_modules/@types/node": {
      "version": "22.20.0",
      "resolved": "https://registry.npmjs.org/@types/node/-/node-22.20.0.tgz",
      "integrity": "sha512-QWlFW2wf3nTjC13/DqRnBpR4ZO36VJH/JVBkA/vcnmbTBNQIlnObqyqZE1tUR7+Ni23Lda8R1BxMfbXRpCUx5g==",
      "dev": true,
      "license": "MIT",
      "dependencies": {
        "undici-types": "~6.21.0"
      }
    },
    "node_modules/colord": {
      "version": "2.9.3",
      "resolved": "https://registry.npmjs.org/colord/-/colord-2.9.3.tgz",
      "integrity": "sha512-jeC1axXpnb0/2nn/Y1LPuLdgXBLH7aDcHu4KEKfqw3CUhX7ZpfBSlPKyqXE6btIgEzfWtrX3/tyBCaCvXvMkOw==",
      "license": "MIT",
      "optional": true
    },
    "node_modules/debounce-fn": {
      "version": "6.0.0",
      "resolved": "https://registry.npmjs.org/debounce-fn/-/debounce-fn-6.0.0.tgz",
      "integrity": "sha512-rBMW+F2TXryBwB54Q0d8drNEI+TfoS9JpNTAoVpukbWEhjXQq4rySFYLaqXMFXwdv61Zb2OHtj5bviSoimqxRQ==",
      "license": "MIT",
      "optional": true,
      "dependencies": {
        "mimic-function": "^5.0.0"
      },
      "engines": {
        "node": ">=18"
      },
      "funding": {
        "url": "https://github.com/sponsors/sindresorhus"
      }
    },
    "node_modules/eventemitter3": {
      "version": "5.0.4",
      "resolved": "https://registry.npmjs.org/eventemitter3/-/eventemitter3-5.0.4.tgz",
      "integrity": "sha512-mlsTRyGaPBjPedk6Bvw+aqbsXDtoAyAzm5MO7JgU+yVRyMQ5O8bD4Kcci7BS85f93veegeCPkL8R4GLClnjLFw==",
      "license": "MIT",
      "optional": true
    },
    "node_modules/fast-deep-equal": {
      "version": "3.1.3",
      "resolved": "https://registry.npmjs.org/fast-deep-equal/-/fast-deep-equal-3.1.3.tgz",
      "integrity": "sha512-f3qQ9oQy9j2AhBe/H9VC91wLmKBCCU/gDOnKNAYG5hswO7BLKj09Hc5HYNz9cGI++xlpDCIgDaitVs03ATR84Q==",
      "license": "MIT"
    },
    "node_modules/mimic-function": {
      "version": "5.0.1",
      "resolved": "https://registry.npmjs.org/mimic-function/-/mimic-function-5.0.1.tgz",
      "integrity": "sha512-VP79XUPxV2CigYP3jWwAUFSku2aKqBH7uTAapFWCBqutsbmDo96KY5o8uh6U+/YSIn5OxJnXp73beVkpqMIGhA==",
      "license": "MIT",
      "optional": true,
      "engines": {
        "node": ">=18"
      },
      "funding": {
        "url": "https://github.com/sponsors/sindresorhus"
      }
    },
    "node_modules/p-queue": {
      "version": "9.3.0",
      "resolved": "https://registry.npmjs.org/p-queue/-/p-queue-9.3.0.tgz",
      "integrity": "sha512-7NED7xhQ74Ngp4JP/2e0VZHp7vSWfJfqeiR92jPgxsz6m0Se4P03YoTKa9dDXyZ3r6P616gUXttrB6nnHYKang==",
      "license": "MIT",
      "optional": true,
      "dependencies": {
        "eventemitter3": "^5.0.4",
        "p-timeout": "^7.0.0"
      },
      "engines": {
        "node": ">=20"
      },
      "funding": {
        "url": "https://github.com/sponsors/sindresorhus"
      }
    },
    "node_modules/p-timeout": {
      "version": "7.0.1",
      "resolved": "https://registry.npmjs.org/p-timeout/-/p-timeout-7.0.1.tgz",
      "integrity": "sha512-AxTM2wDGORHGEkPCt8yqxOTMgpfbEHqF51f/5fJCmwFC3C/zNcGT63SymH2ttOAaiIws2zVg4+izQCjrakcwHg==",
      "license": "MIT",
      "optional": true,
      "engines": {
        "node": ">=20"
      },
      "funding": {
        "url": "https://github.com/sponsors/sindresorhus"
      }
    },
    "node_modules/tslib": {
      "version": "2.8.1",
      "resolved": "https://registry.npmjs.org/tslib/-/tslib-2.8.1.tgz",
      "integrity": "sha512-oJFu94HQb+KVduSUQL7wnpmqnfmLsOA/nAh6b6EH0wCEoK0/mPeXU6c3wKDV83MkOuHPRHtSXKKU99IBazS/2w==",
      "license": "0BSD"
    },
    "node_modules/typescript": {
      "version": "5.9.3",
      "resolved": "https://registry.npmjs.org/typescript/-/typescript-5.9.3.tgz",
      "integrity": "sha512-jl1vZzPDinLr9eUt3J/t7V6FgNEw9QjvBPdysz9KfQDD41fQrC2Y4vKQdiaUpFT4bXlb1RHhLpp8wtm6M5TgSw==",
      "dev": true,
      "license": "Apache-2.0",
      "bin": {
        "tsc": "bin/tsc",
        "tsserver": "bin/tsserver"
      },
      "engines": {
        "node": ">=14.17"
      }
    },
    "node_modules/undici-types": {
      "version": "6.21.0",
      "resolved": "https://registry.npmjs.org/undici-types/-/undici-types-6.21.0.tgz",
      "integrity": "sha512-iwDZqg0QAGrg9Rav5H4n0M64c3mkR59cJ6wQp+7C4nI0gsmExaedaYLNO44eT4AtBBwjbTiGPMlt2Md0T9H9JQ==",
      "dev": true,
      "license": "MIT"
    }
  }
}
